
Microsoft Visual Studio Solution File, Format Version 12.00
# Visual Studio Version 16
VisualStudioVersion = 16.0.30611.23
MinimumVisualStudioVersion = 10.0.40219.1
Project("{9A19103F-16F7-4668-BE54-9A1E7A4F7556}") = "ToDoList.API", "ToDoList.API\ToDoList.API.csproj", "{0DA3F062-F582-45D0-ACA9-CE83F653470D}"
EndProject
Project("{FAE04EC0-301F-11D3-BF4B-00C04F79EFBC}") = "ToDoList.IntegrationTests", "ToDoList.IntegrationTests\ToDoList.IntegrationTests.csproj", "{7FBB197E-74A2-462B-9054-7F0305BF84B8}"
EndProject
Global
	GlobalSection(SolutionConfigurationPlatforms) = preSolution
		Debug|Any CPU = Debug|Any CPU
		Release|Any CPU = Release|Any CPU
	EndGlobalSection
	GlobalSection(ProjectConfigurationPlatforms) = postSolution
		{0DA3F062-F582-45D0-ACA9-CE83F653470D}.Debug|Any CPU.ActiveCfg = Debug|Any CPU
		{0DA3F062-F582-45D0-ACA9-CE83F653470D}.Debug|Any CPU.Build.0 = Debug|Any CPU
		{0DA3F062-F582-45D0-ACA9-CE83F653470D}.Release|Any CPU.ActiveCfg = Release|Any CPU
		{0DA3F062-F582-45D0-ACA9-CE83F653470D}.Release|Any CPU.Build.0 = Release|Any CPU
		{7FBB197E-74A2-462B-9054-7F0305BF84B8}.Debug|Any CPU.ActiveCfg = Debug|Any CPU
		{7FBB197E-74A2-462B-9054-7F0305BF84B8}.Debug|Any CPU.Build.0 = Debug|Any CPU
		{7FBB197E-74A2-462B-9054-7F0305BF84B8}.Release|Any CPU.ActiveCfg = Release|Any CPU
		{7FBB197E-74A2-462B-9054-7F0305BF84B8}.Release|Any CPU.Build.0 = Release|Any CPU
	EndGlobalSection
	GlobalSection(SolutionProperties) = preSolution
		HideSolutionNode = FALSE
	EndGlobalSection
	GlobalSection(ExtensibilityGlobals) = postSolution
		SolutionGuid = {DF831909-153E-4E66-87EC-D84FCD9118BF}
	EndGlobalSection
EndGlobal
